// !$*UTF8*$!
{
	archiveVersion = 1;
	classes = {
	};
	objectVersion = 55;
	objects = {

/* Begin PBXBuildFile section */
		1E45779628021D2E00189301 /* TMDB_LibraryApp.swift in Sources */ = {isa = PBXBuildFile; fileRef = 1E45779528021D2E00189301 /* TMDB_LibraryApp.swift */; };
		1E45779828021D2E00189301 /* TMDB_MainContentView.swift in Sources */ = {isa = PBXBuildFile; fileRef = 1E45779728021D2E00189301 /* TMDB_MainContentView.swift */; };
		1E45779A28021D3300189301 /* Assets.xcassets in Resources */ = {isa = PBXBuildFile; fileRef = 1E45779928021D3300189301 /* Assets.xcassets */; };
		1E45779D28021D3300189301 /* Preview Assets.xcassets in Resources */ = {isa = PBXBuildFile; fileRef = 1E45779C28021D3300189301 /* Preview Assets.xcassets */; };
		1E4577F82802D81500189301 /* APIDecoder.swift in Sources */ = {isa = PBXBuildFile; fileRef = 1E4577F22802D81500189301 /* APIDecoder.swift */; };
		1E4578122802DC1C00189301 /* MovieSection.swift in Sources */ = {isa = PBXBuildFile; fileRef = 1E45780E2802DC1C00189301 /* MovieSection.swift */; };
		1E4578132802DC1C00189301 /* Movie.swift in Sources */ = {isa = PBXBuildFile; fileRef = 1E45780F2802DC1C00189301 /* Movie.swift */; };
		1E4578142802DC1C00189301 /* Movie+Stub.swift in Sources */ = {isa = PBXBuildFile; fileRef = 1E4578102802DC1C00189301 /* Movie+Stub.swift */; };
		1E4578152802DC1C00189301 /* DataFetchPhase.swift in Sources */ = {isa = PBXBuildFile; fileRef = 1E4578112802DC1C00189301 /* DataFetchPhase.swift */; };
		1E45781A2802DC8400189301 /* MovieService.swift in Sources */ = {isa = PBXBuildFile; fileRef = 1E4578182802DC8400189301 /* MovieService.swift */; };
		1E45781B2802DC8400189301 /* MovieStore.swift in Sources */ = {isa = PBXBuildFile; fileRef = 1E4578192802DC8400189301 /* MovieStore.swift */; };
		1E4578212802DC8E00189301 /* MovieHomeState.swift in Sources */ = {isa = PBXBuildFile; fileRef = 1E45781C2802DC8D00189301 /* MovieHomeState.swift */; };
		1E4578222802DC8E00189301 /* MovieListState.swift in Sources */ = {isa = PBXBuildFile; fileRef = 1E45781D2802DC8D00189301 /* MovieListState.swift */; };
		1E4578232802DC8E00189301 /* MovieDetailState.swift in Sources */ = {isa = PBXBuildFile; fileRef = 1E45781E2802DC8D00189301 /* MovieDetailState.swift */; };
		1E4578242802DC8E00189301 /* ImageLoader.swift in Sources */ = {isa = PBXBuildFile; fileRef = 1E45781F2802DC8D00189301 /* ImageLoader.swift */; };
		1E4578252802DC8E00189301 /* MovieSearchState.swift in Sources */ = {isa = PBXBuildFile; fileRef = 1E4578202802DC8D00189301 /* MovieSearchState.swift */; };
		1E45782F2802DD8C00189301 /* EmptyPlaceholderView.swift in Sources */ = {isa = PBXBuildFile; fileRef = 1E45782C2802DD8C00189301 /* EmptyPlaceholderView.swift */; };
		1E4578302802DD8C00189301 /* RetryView.swift in Sources */ = {isa = PBXBuildFile; fileRef = 1E45782D2802DD8C00189301 /* RetryView.swift */; };
		1E4578312802DD8C00189301 /* DataFetchPhaseOverlayView.swift in Sources */ = {isa = PBXBuildFile; fileRef = 1E45782E2802DD8C00189301 /* DataFetchPhaseOverlayView.swift */; };
		1E4578352802DD9500189301 /* SafariView.swift in Sources */ = {isa = PBXBuildFile; fileRef = 1E4578322802DD9500189301 /* SafariView.swift */; };
		1E4578362802DD9500189301 /* SearchBar.swift in Sources */ = {isa = PBXBuildFile; fileRef = 1E4578332802DD9500189301 /* SearchBar.swift */; };
		1E4578372802DD9500189301 /* ActivityIndicatorView.swift in Sources */ = {isa = PBXBuildFile; fileRef = 1E4578342802DD9500189301 /* ActivityIndicatorView.swift */; };
		1E45783E2802DD9F00189301 /* MovieSearchView.swift in Sources */ = {isa = PBXBuildFile; fileRef = 1E4578382802DD9E00189301 /* MovieSearchView.swift */; };
		1E45783F2802DD9F00189301 /* MovieThumbnailCarouselView.swift in Sources */ = {isa = PBXBuildFile; fileRef = 1E4578392802DD9E00189301 /* MovieThumbnailCarouselView.swift */; };
		1E4578402802DD9F00189301 /* MovieDetailView.swift in Sources */ = {isa = PBXBuildFile; fileRef = 1E45783A2802DD9E00189301 /* MovieDetailView.swift */; };
		1E4578412802DD9F00189301 /* MovieHomeView.swift in Sources */ = {isa = PBXBuildFile; fileRef = 1E45783B2802DD9F00189301 /* MovieHomeView.swift */; };
		1E4578422802DD9F00189301 /* LoadingView.swift in Sources */ = {isa = PBXBuildFile; fileRef = 1E45783C2802DD9F00189301 /* LoadingView.swift */; };
		1E4578432802DD9F00189301 /* MovieThumbnailView.swift in Sources */ = {isa = PBXBuildFile; fileRef = 1E45783D2802DD9F00189301 /* MovieThumbnailView.swift */; };
/* End PBXBuildFile section */

/* Begin PBXFileReference section */
		1E45779228021D2E00189301 /* TMDBLibrary.app */ = {isa = PBXFileReference; explicitFileType = wrapper.application; includeInIndex = 0; path = TMDBLibrary.app; sourceTree = BUILT_PRODUCTS_DIR; };
		1E45779528021D2E00189301 /* TMDB_LibraryApp.swift */ = {isa = PBXFileReference; lastKnownFileType = sourcecode.swift; path = TMDB_LibraryApp.swift; sourceTree = "<group>"; };
		1E45779728021D2E00189301 /* TMDB_MainContentView.swift */ = {isa = PBXFileReference; lastKnownFileType = sourcecode.swift; path = TMDB_MainContentView.swift; sourceTree = "<group>"; };
		1E45779928021D3300189301 /* Assets.xcassets */ = {isa = PBXFileReference; lastKnownFileType = folder.assetcatalog; path = Assets.xcassets; sourceTree = "<group>"; };
		1E45779C28021D3300189301 /* Preview Assets.xcassets */ = {isa = PBXFileReference; lastKnownFileType = folder.assetcatalog; path = "Preview Assets.xcassets"; sourceTree = "<group>"; };
		1E4577F22802D81500189301 /* APIDecoder.swift */ = {isa = PBXFileReference; fileEncoding = 4; lastKnownFileType = sourcecode.swift; path = APIDecoder.swift; sourceTree = "<group>"; };
		1E45780E2802DC1C00189301 /* MovieSection.swift */ = {isa = PBXFileReference; fileEncoding = 4; lastKnownFileType = sourcecode.swift; name = MovieSection.swift; path = TMDBLibrary/Models/MovieSection.swift; sourceTree = SOURCE_ROOT; };
		1E45780F2802DC1C00189301 /* Movie.swift */ = {isa = PBXFileReference; fileEncoding = 4; lastKnownFileType = sourcecode.swift; name = Movie.swift; path = TMDBLibrary/Models/Movie.swift; sourceTree = SOURCE_ROOT; };
		1E4578102802DC1C00189301 /* Movie+Stub.swift */ = {isa = PBXFileReference; fileEncoding = 4; lastKnownFileType = sourcecode.swift; name = "Movie+Stub.swift"; path = "TMDBLibrary/Models/Movie+Stub.swift"; sourceTree = SOURCE_ROOT; };
		1E4578112802DC1C00189301 /* DataFetchPhase.swift */ = {isa = PBXFileReference; fileEncoding = 4; lastKnownFileType = sourcecode.swift; name = DataFetchPhase.swift; path = TMDBLibrary/Models/DataFetchPhase.swift; sourceTree = SOURCE_ROOT; };
		1E4578182802DC8400189301 /* MovieService.swift */ = {isa = PBXFileReference; fileEncoding = 4; lastKnownFileType = sourcecode.swift; path = MovieService.swift; sourceTree = "<group>"; };
		1E4578192802DC8400189301 /* MovieStore.swift */ = {isa = PBXFileReference; fileEncoding = 4; lastKnownFileType = sourcecode.swift; path = MovieStore.swift; sourceTree = "<group>"; };
		1E45781C2802DC8D00189301 /* MovieHomeState.swift */ = {isa = PBXFileReference; fileEncoding = 4; lastKnownFileType = sourcecode.swift; path = MovieHomeState.swift; sourceTree = "<group>"; };
		1E45781D2802DC8D00189301 /* MovieListState.swift */ = {isa = PBXFileReference; fileEncoding = 4; lastKnownFileType = sourcecode.swift; path = MovieListState.swift; sourceTree = "<group>"; };
		1E45781E2802DC8D00189301 /* MovieDetailState.swift */ = {isa = PBXFileReference; fileEncoding = 4; lastKnownFileType = sourcecode.swift; path = MovieDetailState.swift; sourceTree = "<group>"; };
		1E45781F2802DC8D00189301 /* ImageLoader.swift */ = {isa = PBXFileReference; fileEncoding = 4; lastKnownFileType = sourcecode.swift; path = ImageLoader.swift; sourceTree = "<group>"; };
		1E4578202802DC8D00189301 /* MovieSearchState.swift */ = {isa = PBXFileReference; fileEncoding = 4; lastKnownFileType = sourcecode.swift; path = MovieSearchState.swift; sourceTree = "<group>"; };
		1E45782C2802DD8C00189301 /* EmptyPlaceholderView.swift */ = {isa = PBXFileReference; fileEncoding = 4; lastKnownFileType = sourcecode.swift; path = EmptyPlaceholderView.swift; sourceTree = "<group>"; };
		1E45782D2802DD8C00189301 /* RetryView.swift */ = {isa = PBXFileReference; fileEncoding = 4; lastKnownFileType = sourcecode.swift; path = RetryView.swift; sourceTree = "<group>"; };
		1E45782E2802DD8C00189301 /* DataFetchPhaseOverlayView.swift */ = {isa = PBXFileReference; fileEncoding = 4; lastKnownFileType = sourcecode.swift; path = DataFetchPhaseOverlayView.swift; sourceTree = "<group>"; };
		1E4578322802DD9500189301 /* SafariView.swift */ = {isa = PBXFileReference; fileEncoding = 4; lastKnownFileType = sourcecode.swift; path = SafariView.swift; sourceTree = "<group>"; };
		1E4578332802DD9500189301 /* SearchBar.swift */ = {isa = PBXFileReference; fileEncoding = 4; lastKnownFileType = sourcecode.swift; path = SearchBar.swift; sourceTree = "<group>"; };
		1E4578342802DD9500189301 /* ActivityIndicatorView.swift */ = {isa = PBXFileReference; fileEncoding = 4; lastKnownFileType = sourcecode.swift; path = ActivityIndicatorView.swift; sourceTree = "<group>"; };
		1E4578382802DD9E00189301 /* MovieSearchView.swift */ = {isa = PBXFileReference; fileEncoding = 4; lastKnownFileType = sourcecode.swift; path = MovieSearchView.swift; sourceTree = "<group>"; };
		1E4578392802DD9E00189301 /* MovieThumbnailCarouselView.swift */ = {isa = PBXFileReference; fileEncoding = 4; lastKnownFileType = sourcecode.swift; path = MovieThumbnailCarouselView.swift; sourceTree = "<group>"; };
		1E45783A2802DD9E00189301 /* MovieDetailView.swift */ = {isa = PBXFileReference; fileEncoding = 4; lastKnownFileType = sourcecode.swift; path = MovieDetailView.swift; sourceTree = "<group>"; };
		1E45783B2802DD9F00189301 /* MovieHomeView.swift */ = {isa = PBXFileReference; fileEncoding = 4; lastKnownFileType = sourcecode.swift; path = MovieHomeView.swift; sourceTree = "<group>"; };
		1E45783C2802DD9F00189301 /* LoadingView.swift */ = {isa = PBXFileReference; fileEncoding = 4; lastKnownFileType = sourcecode.swift; path = LoadingView.swift; sourceTree = "<group>"; };
		1E45783D2802DD9F00189301 /* MovieThumbnailView.swift */ = {isa = PBXFileReference; fileEncoding = 4; lastKnownFileType = sourcecode.swift; path = MovieThumbnailView.swift; sourceTree = "<group>"; };
		1E4578442802E94800189301 /* Info.plist */ = {isa = PBXFileReference; lastKnownFileType = text.plist; path = Info.plist; sourceTree = "<group>"; };
/* End PBXFileReference section */

/* Begin PBXFrameworksBuildPhase section */
		1E45778F28021D2E00189301 /* Frameworks */ = {
			isa = PBXFrameworksBuildPhase;
			buildActionMask = 2147483647;
			files = (
			);
			runOnlyForDeploymentPostprocessing = 0;
		};
/* End PBXFrameworksBuildPhase section */

/* Begin PBXGroup section */
		1E45778928021D2E00189301 = {
			isa = PBXGroup;
			children = (
				1E45779428021D2E00189301 /* TMDBLibrary */,
				1E45779328021D2E00189301 /* Products */,
			);
			sourceTree = "<group>";
		};
		1E45779328021D2E00189301 /* Products */ = {
			isa = PBXGroup;
			children = (
				1E45779228021D2E00189301 /* TMDBLibrary.app */,
			);
			name = Products;
			sourceTree = "<group>";
		};
		1E45779428021D2E00189301 /* TMDBLibrary */ = {
			isa = PBXGroup;
			children = (
				1E4578442802E94800189301 /* Info.plist */,
				1E4578292802DD3700189301 /* Views */,
				1E4578172802DC4D00189301 /* Services */,
				1E4578162802DC3700189301 /* Bindings */,
				1E4578092802DBB300189301 /* Models */,
				1E45779528021D2E00189301 /* TMDB_LibraryApp.swift */,
				1E45779728021D2E00189301 /* TMDB_MainContentView.swift */,
				1E45779928021D3300189301 /* Assets.xcassets */,
				1E45779B28021D3300189301 /* Preview Content */,
			);
			path = TMDBLibrary;
			sourceTree = "<group>";
		};
		1E45779B28021D3300189301 /* Preview Content */ = {
			isa = PBXGroup;
			children = (
				1E45779C28021D3300189301 /* Preview Assets.xcassets */,
			);
			path = "Preview Content";
			sourceTree = "<group>";
		};
		1E4578092802DBB300189301 /* Models */ = {
			isa = PBXGroup;
			children = (
				1E45780F2802DC1C00189301 /* Movie.swift */,
				1E4578102802DC1C00189301 /* Movie+Stub.swift */,
				1E45780E2802DC1C00189301 /* MovieSection.swift */,
				1E4578112802DC1C00189301 /* DataFetchPhase.swift */,
			);
			name = Models;
			path = Models/Models;
			sourceTree = "<group>";
		};
		1E4578162802DC3700189301 /* Bindings */ = {
			isa = PBXGroup;
			children = (
				1E45781F2802DC8D00189301 /* ImageLoader.swift */,
				1E45781E2802DC8D00189301 /* MovieDetailState.swift */,
				1E45781C2802DC8D00189301 /* MovieHomeState.swift */,
				1E45781D2802DC8D00189301 /* MovieListState.swift */,
				1E4578202802DC8D00189301 /* MovieSearchState.swift */,
			);
			path = Bindings;
			sourceTree = "<group>";
		};
		1E4578172802DC4D00189301 /* Services */ = {
			isa = PBXGroup;
			children = (
				1E4578182802DC8400189301 /* MovieService.swift */,
				1E4578192802DC8400189301 /* MovieStore.swift */,
				1E4577F22802D81500189301 /* APIDecoder.swift */,
			);
			path = Services;
			sourceTree = "<group>";
		};
		1E4578292802DD3700189301 /* Views */ = {
			isa = PBXGroup;
			children = (
				1E45783C2802DD9F00189301 /* LoadingView.swift */,
				1E45783A2802DD9E00189301 /* MovieDetailView.swift */,
				1E45783B2802DD9F00189301 /* MovieHomeView.swift */,
				1E4578382802DD9E00189301 /* MovieSearchView.swift */,
				1E4578392802DD9E00189301 /* MovieThumbnailCarouselView.swift */,
				1E45783D2802DD9F00189301 /* MovieThumbnailView.swift */,
				1E45782B2802DD5900189301 /* Overlay Views */,
				1E45782A2802DD3D00189301 /* UIKitViews */,
			);
			path = Views;
			sourceTree = "<group>";
		};
		1E45782A2802DD3D00189301 /* UIKitViews */ = {
			isa = PBXGroup;
			children = (
				1E4578342802DD9500189301 /* ActivityIndicatorView.swift */,
				1E4578322802DD9500189301 /* SafariView.swift */,
				1E4578332802DD9500189301 /* SearchBar.swift */,
			);
			path = UIKitViews;
			sourceTree = "<group>";
		};
		1E45782B2802DD5900189301 /* Overlay Views */ = {
			isa = PBXGroup;
			children = (
				1E45782E2802DD8C00189301 /* DataFetchPhaseOverlayView.swift */,
				1E45782C2802DD8C00189301 /* EmptyPlaceholderView.swift */,
				1E45782D2802DD8C00189301 /* RetryView.swift */,
			);
			path = "Overlay Views";
			sourceTree = "<group>";
		};
/* End PBXGroup section */

/* Begin PBXNativeTarget section */
		1E45779128021D2E00189301 /* TMDBLibrary */ = {
			isa = PBXNativeTarget;
			buildConfigurationList = 1E4577A028021D3300189301 /* Build configuration list for PBXNativeTarget "TMDBLibrary" */;
			buildPhases = (
				1E45778E28021D2E00189301 /* Sources */,
				1E45778F28021D2E00189301 /* Frameworks */,
				1E45779028021D2E00189301 /* Resources */,
			);
			buildRules = (
			);
			dependencies = (
			);
			name = TMDBLibrary;
			productName = TMDBLibrary;
			productReference = 1E45779228021D2E00189301 /* TMDBLibrary.app */;
			productType = "com.apple.product-type.application";
		};
/* End PBXNativeTarget section */

/* Begin PBXProject section */
		1E45778A28021D2E00189301 /* Project object */ = {
			isa = PBXProject;
			attributes = {
				BuildIndependentTargetsInParallel = 1;
				LastSwiftUpdateCheck = 1320;
				LastUpgradeCheck = 1320;
				TargetAttributes = {
					1E45779128021D2E00189301 = {
						CreatedOnToolsVersion = 13.2.1;
					};
				};
			};
			buildConfigurationList = 1E45778D28021D2E00189301 /* Build configuration list for PBXProject "TMDBLibrary" */;
			compatibilityVersion = "Xcode 13.0";
			developmentRegion = en;
			hasScannedForEncodings = 0;
			knownRegions = (
				en,
				Base,
			);
			mainGroup = 1E45778928021D2E00189301;
			productRefGroup = 1E45779328021D2E00189301 /* Products */;
			projectDirPath = "";
			projectRoot = "";
			targets = (
				1E45779128021D2E00189301 /* TMDBLibrary */,
			);
		};
/* End PBXProject section */

/* Begin PBXResourcesBuildPhase section */
		1E45779028021D2E00189301 /* Resources */ = {
			isa = PBXResourcesBuildPhase;
			buildActionMask = 2147483647;
			files = (
				1E45779D28021D3300189301 /* Preview Assets.xcassets in Resources */,
				1E45779A28021D3300189301 /* Assets.xcassets in Resources */,
			);
			runOnlyForDeploymentPostprocessing = 0;
		};
/* End PBXResourcesBuildPhase section */

/* Begin PBXSourcesBuildPhase section */
		1E45778E28021D2E00189301 /* Sources */ = {
			isa = PBXSourcesBuildPhase;
			buildActionMask = 2147483647;
			files = (
				1E4578242802DC8E00189301 /* ImageLoader.swift in Sources */,
				1E4577F82802D81500189301 /* APIDecoder.swift in Sources */,
				1E45782F2802DD8C00189301 /* EmptyPlaceholderView.swift in Sources */,
				1E45779828021D2E00189301 /* TMDB_MainContentView.swift in Sources */,
				1E4578132802DC1C00189301 /* Movie.swift in Sources */,
				1E4578412802DD9F00189301 /* MovieHomeView.swift in Sources */,
				1E4578232802DC8E00189301 /* MovieDetailState.swift in Sources */,
				1E4578402802DD9F00189301 /* MovieDetailView.swift in Sources */,
				1E4578372802DD9500189301 /* ActivityIndicatorView.swift in Sources */,
				1E4578142802DC1C00189301 /* Movie+Stub.swift in Sources */,
				1E4578432802DD9F00189301 /* MovieThumbnailView.swift in Sources */,
				1E45781B2802DC8400189301 /* MovieStore.swift in Sources */,
				1E4578422802DD9F00189301 /* LoadingView.swift in Sources */,
				1E4578152802DC1C00189301 /* DataFetchPhase.swift in Sources */,
				1E45779628021D2E00189301 /* TMDB_LibraryApp.swift in Sources */,
				1E4578312802DD8C00189301 /* DataFetchPhaseOverlayView.swift in Sources */,
				1E4578212802DC8E00189301 /* MovieHomeState.swift in Sources */,
				1E4578352802DD9500189301 /* SafariView.swift in Sources */,
				1E4578222802DC8E00189301 /* MovieListState.swift in Sources */,
				1E45783F2802DD9F00189301 /* MovieThumbnailCarouselView.swift in Sources */,
				1E45783E2802DD9F00189301 /* MovieSearchView.swift in Sources */,
				1E45781A2802DC8400189301 /* MovieService.swift in Sources */,
				1E4578252802DC8E00189301 /* MovieSearchState.swift in Sources */,
				1E4578362802DD9500189301 /* SearchBar.swift in Sources */,
				1E4578122802DC1C00189301 /* MovieSection.swift in Sources */,
				1E4578302802DD8C00189301 /* RetryView.swift in Sources */,
			);
			runOnlyForDeploymentPostprocessing = 0;
		};
/* End PBXSourcesBuildPhase section */

/* Begin XCBuildConfiguration section */
		1E45779E28021D3300189301 /* Debug */ = {
			isa = XCBuildConfiguration;
			buildSettings = {
				ALWAYS_SEARCH_USER_PATHS = NO;
				CLANG_ANALYZER_NONNULL = YES;
				CLANG_ANALYZER_NUMBER_OBJECT_CONVERSION = YES_AGGRESSIVE;
				CLANG_CXX_LANGUAGE_STANDARD = "gnu++17";
				CLANG_CXX_LIBRARY = "libc++";
				CLANG_ENABLE_MODULES = YES;
				CLANG_ENABLE_OBJC_ARC = YES;
				CLANG_ENABLE_OBJC_WEAK = YES;
				CLANG_WARN_BLOCK_CAPTURE_AUTORELEASING = YES;
				CLANG_WARN_BOOL_CONVERSION = YES;
				CLANG_WARN_COMMA = YES;
				CLANG_WARN_CONSTANT_CONVERSION = YES;
				CLANG_WARN_DEPRECATED_OBJC_IMPLEMENTATIONS = YES;
				CLANG_WARN_DIRECT_OBJC_ISA_USAGE = YES_ERROR;
				CLANG_WARN_DOCUMENTATION_COMMENTS = YES;
				CLANG_WARN_EMPTY_BODY = YES;
				CLANG_WARN_ENUM_CONVERSION = YES;
				CLANG_WARN_INFINITE_RECURSION = YES;
				CLANG_WARN_INT_CONVERSION = YES;
				CLANG_WARN_NON_LITERAL_NULL_CONVERSION = YES;
				CLANG_WARN_OBJC_IMPLICIT_RETAIN_SELF = YES;
				CLANG_WARN_OBJC_LITERAL_CONVERSION = YES;
				CLANG_WARN_OBJC_ROOT_CLASS = YES_ERROR;
				CLANG_WARN_QUOTED_INCLUDE_IN_FRAMEWORK_HEADER = YES;
				CLANG_WARN_RANGE_LOOP_ANALYSIS = YES;
				CLANG_WARN_STRICT_PROTOTYPES = YES;
				CLANG_WARN_SUSPICIOUS_MOVE = YES;
				CLANG_WARN_UNGUARDED_AVAILABILITY = YES_AGGRESSIVE;
				CLANG_WARN_UNREACHABLE_CODE = YES;
				CLANG_WARN__DUPLICATE_METHOD_MATCH = YES;
				COPY_PHASE_STRIP = NO;
				DEBUG_INFORMATION_FORMAT = dwarf;
				ENABLE_STRICT_OBJC_MSGSEND = YES;
				ENABLE_TESTABILITY = YES;
				GCC_C_LANGUAGE_STANDARD = gnu11;
				GCC_DYNAMIC_NO_PIC = NO;
				GCC_NO_COMMON_BLOCKS = YES;
				GCC_OPTIMIZATION_LEVEL = 0;
				GCC_PREPROCESSOR_DEFINITIONS = (
					"DEBUG=1",
					"$(inherited)",
				);
				GCC_WARN_64_TO_32_BIT_CONVERSION = YES;
				GCC_WARN_ABOUT_RETURN_TYPE = YES_ERROR;
				GCC_WARN_UNDECLARED_SELECTOR = YES;
				GCC_WARN_UNINITIALIZED_AUTOS = YES_AGGRESSIVE;
				GCC_WARN_UNUSED_FUNCTION = YES;
				GCC_WARN_UNUSED_VARIABLE = YES;
				IPHONEOS_DEPLOYMENT_TARGET = 15.2;
				MTL_ENABLE_DEBUG_INFO = INCLUDE_SOURCE;
				MTL_FAST_MATH = YES;
				ONLY_ACTIVE_ARCH = YES;
				SDKROOT = iphoneos;
				SWIFT_ACTIVE_COMPILATION_CONDITIONS = DEBUG;
				SWIFT_OPTIMIZATION_LEVEL = "-Onone";
			};
			name = Debug;
		};
		1E45779F28021D3300189301 /* Release */ = {
			isa = XCBuildConfiguration;
			buildSettings = {
				ALWAYS_SEARCH_USER_PATHS = NO;
				CLANG_ANALYZER_NONNULL = YES;
				CLANG_ANALYZER_NUMBER_OBJECT_CONVERSION = YES_AGGRESSIVE;
				CLANG_CXX_LANGUAGE_STANDARD = "gnu++17";
				CLANG_CXX_LIBRARY = "libc++";
				CLANG_ENABLE_MODULES = YES;
				CLANG_ENABLE_OBJC_ARC = YES;
				CLANG_ENABLE_OBJC_WEAK = YES;
				CLANG_WARN_BLOCK_CAPTURE_AUTORELEASING = YES;
				CLANG_WARN_BOOL_CONVERSION = YES;
				CLANG_WARN_COMMA = YES;
				CLANG_WARN_CONSTANT_CONVERSION = YES;
				CLANG_WARN_DEPRECATED_OBJC_IMPLEMENTATIONS = YES;
				CLANG_WARN_DIRECT_OBJC_ISA_USAGE = YES_ERROR;
				CLANG_WARN_DOCUMENTATION_COMMENTS = YES;
				CLANG_WARN_EMPTY_BODY = YES;
				CLANG_WARN_ENUM_CONVERSION = YES;
				CLANG_WARN_INFINITE_RECURSION = YES;
				CLANG_WARN_INT_CONVERSION = YES;
				CLANG_WARN_NON_LITERAL_NULL_CONVERSION = YES;
				CLANG_WARN_OBJC_IMPLICIT_RETAIN_SELF = YES;
				CLANG_WARN_OBJC_LITERAL_CONVERSION = YES;
				CLANG_WARN_OBJC_ROOT_CLASS = YES_ERROR;
				CLANG_WARN_QUOTED_INCLUDE_IN_FRAMEWORK_HEADER = YES;
				CLANG_WARN_RANGE_LOOP_ANALYSIS = YES;
				CLANG_WARN_STRICT_PROTOTYPES = YES;
				CLANG_WARN_SUSPICIOUS_MOVE = YES;
				CLANG_WARN_UNGUARDED_AVAILABILITY = YES_AGGRESSIVE;
				CLANG_WARN_UNREACHABLE_CODE = YES;
				CLANG_WARN__DUPLICATE_METHOD_MATCH = YES;
				COPY_PHASE_STRIP = NO;
				DEBUG_INFORMATION_FORMAT = "dwarf-with-dsym";
				ENABLE_NS_ASSERTIONS = NO;
				ENABLE_STRICT_OBJC_MSGSEND = YES;
				GCC_C_LANGUAGE_STANDARD = gnu11;
				GCC_NO_COMMON_BLOCKS = YES;
				GCC_WARN_64_TO_32_BIT_CONVERSION = YES;
				GCC_WARN_ABOUT_RETURN_TYPE = YES_ERROR;
				GCC_WARN_UNDECLARED_SELECTOR = YES;
				GCC_WARN_UNINITIALIZED_AUTOS = YES_AGGRESSIVE;
				GCC_WARN_UNUSED_FUNCTION = YES;
				GCC_WARN_UNUSED_VARIABLE = YES;
				IPHONEOS_DEPLOYMENT_TARGET = 15.2;
				MTL_ENABLE_DEBUG_INFO = NO;
				MTL_FAST_MATH = YES;
				SDKROOT = iphoneos;
				SWIFT_COMPILATION_MODE = wholemodule;
				SWIFT_OPTIMIZATION_LEVEL = "-O";
				VALIDATE_PRODUCT = YES;
			};
			name = Release;
		};
		1E4577A128021D3300189301 /* Debug */ = {
			isa = XCBuildConfiguration;
			buildSettings = {
				ASSETCATALOG_COMPILER_APPICON_NAME = AppIcon;
				ASSETCATALOG_COMPILER_GLOBAL_ACCENT_COLOR_NAME = AccentColor;
				CODE_SIGN_STYLE = Automatic;
				CURRENT_PROJECT_VERSION = 1;
				DEVELOPMENT_ASSET_PATHS = "\"TMDBLibrary/Preview Content\"";
				DEVELOPMENT_TEAM = B2G4T8UF7M;
				ENABLE_PREVIEWS = YES;
				GENERATE_INFOPLIST_FILE = YES;
				INFOPLIST_FILE = TMDBLibrary/Info.plist;
				INFOPLIST_KEY_CFBundleDisplayName = TMDB_Library;
				INFOPLIST_KEY_UIApplicationSceneManifest_Generation = YES;
				INFOPLIST_KEY_UIApplicationSupportsIndirectInputEvents = YES;
				INFOPLIST_KEY_UILaunchScreen_Generation = YES;
				INFOPLIST_KEY_UISupportedInterfaceOrientations_iPad = "UIInterfaceOrientationPortrait UIInterfaceOrientationPortraitUpsideDown UIInterfaceOrientationLandscapeLeft UIInterfaceOrientationLandscapeRight";
				INFOPLIST_KEY_UISupportedInterfaceOrientations_iPhone = "UIInterfaceOrientationPortrait UIInterfaceOrientationLandscapeLeft UIInterfaceOrientationLandscapeRight";
				LD_RUNPATH_SEARCH_PATHS = (
					"$(inherited)",
					"@executable_path/Frameworks",
				);
				MARKETING_VERSION = 1.0;
				PRODUCT_BUNDLE_IDENTIFIER = com.serjbets.TMDBLibrary;
				PRODUCT_NAME = "$(TARGET_NAME)";
				SWIFT_EMIT_LOC_STRINGS = YES;
				SWIFT_VERSION = 5.0;
				TARGETED_DEVICE_FAMILY = "1,2";
			};
			name = Debug;
		};
		1E4577A228021D3300189301 /* Release */ = {
			isa = XCBuildConfiguration;
			buildSettings = {
				ASSETCATALOG_COMPILER_APPICON_NAME = AppIcon;
				ASSETCATALOG_COMPILER_GLOBAL_ACCENT_COLOR_NAME = AccentColor;
				CODE_SIGN_STYLE = Automatic;
				CURRENT_PROJECT_VERSION = 1;
				DEVELOPMENT_ASSET_PATHS = "\"TMDBLibrary/Preview Content\"";
				DEVELOPMENT_TEAM = B2G4T8UF7M;
				ENABLE_PREVIEWS = YES;
				GENERATE_INFOPLIST_FILE = YES;
				INFOPLIST_FILE = TMDBLibrary/Info.plist;
				INFOPLIST_KEY_CFBundleDisplayName = TMDB_Library;
				INFOPLIST_KEY_UIApplicationSceneManifest_Generation = YES;
				INFOPLIST_KEY_UIApplicationSupportsIndirectInputEvents = YES;
				INFOPLIST_KEY_UILaunchScreen_Generation = YES;
				INFOPLIST_KEY_UISupportedInterfaceOrientations_iPad = "UIInterfaceOrientationPortrait UIInterfaceOrientationPortraitUpsideDown UIInterfaceOrientationLandscapeLeft UIInterfaceOrientationLandscapeRight";
				INFOPLIST_KEY_UISupportedInterfaceOrientations_iPhone = "UIInterfaceOrientationPortrait UIInterfaceOrientationLandscapeLeft UIInterfaceOrientationLandscapeRight";
				LD_RUNPATH_SEARCH_PATHS = (
					"$(inherited)",
					"@executable_path/Frameworks",
				);
				MARKETING_VERSION = 1.0;
				PRODUCT_BUNDLE_IDENTIFIER = com.serjbets.TMDBLibrary;
				PRODUCT_NAME = "$(TARGET_NAME)";
				SWIFT_EMIT_LOC_STRINGS = YES;
				SWIFT_VERSION = 5.0;
				TARGETED_DEVICE_FAMILY = "1,2";
			};
			name = Release;
		};
/* End XCBuildConfiguration section */

/* Begin XCConfigurationList section */
		1E45778D28021D2E00189301 /* Build configuration list for PBXProject "TMDBLibrary" */ = {
			isa = XCConfigurationList;
			buildConfigurations = (
				1E45779E28021D3300189301 /* Debug */,
				1E45779F28021D3300189301 /* Release */,
			);
			defaultConfigurationIsVisible = 0;
			defaultConfigurationName = Release;
		};
		1E4577A028021D3300189301 /* Build configuration list for PBXNativeTarget "TMDBLibrary" */ = {
			isa = XCConfigurationList;
			buildConfigurations = (
				1E4577A128021D3300189301 /* Debug */,
				1E4577A228021D3300189301 /* Release */,
			);
			defaultConfigurationIsVisible = 0;
			defaultConfigurationName = Release;
		};
/* End XCConfigurationList section */
	};
	rootObject = 1E45778A28021D2E00189301 /* Project object */;
}
